<?xml version="1.0" encoding="utf-8"?>
<Project ToolsVersion="4.0" xmlns="http://schemas.microsoft.com/developer/msbuild/2003">
  <ItemGroup>
    <ClCompile Include="src\main.cpp" />
    <ClCompile Include="src\shared\utils\color.cpp" />
    <ClCompile Include="src\shared\utils\math.cpp" />
    <ClCompile Include="src\shared\utils\mem.cpp" />
    <ClCompile Include="src\shared\utils\memaddr.cpp" />
    <ClCompile Include="src\app\hooks.cpp" />
    <ClCompile Include="src\game\tf\netvars.cpp" />
    <ClCompile Include="src\shared\libs\minhook\src\hde\hde32.cpp" />
    <ClCompile Include="src\shared\libs\minhook\src\hde\hde64.cpp" />
    <ClCompile Include="src\shared\libs\minhook\src\buffer.cpp" />
    <ClCompile Include="src\shared\libs\minhook\src\hook.cpp" />
    <ClCompile Include="src\shared\libs\minhook\src\trampoline.cpp" />
    <ClCompile Include="src\game\tf\entities.cpp" />
    <ClCompile Include="src\game\helpers\class_ids.cpp" />
    <ClCompile Include="src\game\helpers\entity_cache.cpp" />
    <ClCompile Include="src\game\helpers\draw.cpp" />
    <ClCompile Include="src\game\helpers\fonts.cpp" />
    <ClCompile Include="src\shared\utils\funcs.cpp" />
    <ClCompile Include="src\game\helpers\input.cpp" />
    <ClCompile Include="src\app\features\mat_mod\mat_mod.cpp" />
    <ClCompile Include="src\app\features\misc\misc.cpp" />
    <ClCompile Include="src\app\features\vis_utils\vis_utils.cpp" />
    <ClCompile Include="src\game\helpers\tf_utils.cpp" />
    <ClCompile Include="src\sdk\tracked\cfgvar.cpp" />
    <ClCompile Include="src\app\features\trace_utils\trace_utils.cpp" />
    <ClCompile Include="src\app\features\proj_sim\proj_sim.cpp" />
    <ClCompile Include="src\app\features\engine_pred\engine_pred.cpp" />
    <ClCompile Include="src\app\features\spectator_list\spectator_list.cpp" />
    <ClCompile Include="src\app\features\aimbot\aimbot.cpp" />
    <ClCompile Include="src\app\features\aimbot\aimbot_projectile\aimbot_projectile.cpp" />
    <ClCompile Include="src\app\features\aimbot\aimbot_hitscan\aimbot_hitscan.cpp" />
    <ClCompile Include="src\app\features\aimbot\aimbot_melee\aimbot_melee.cpp" />
    <ClCompile Include="src\app\features\aim_utils\aim_utils.cpp" />
    <ClCompile Include="src\app\features\networking\networking.cpp" />
    <ClCompile Include="src\game\tf\shared.cpp" />
    <ClCompile Include="src\app\features\auto_detonate\auto_detonate.cpp" />
    <ClCompile Include="src\app\features\anims\anims.cpp" />
    <ClCompile Include="src\app\features\player_data\player_data.cpp" />
    <ClCompile Include="src\app\features\notifs\notifs.cpp" />
    <ClCompile Include="src\game\helpers\render_utils.cpp" />
    <ClCompile Include="src\app\features\tick_base\tick_base.cpp" />
    <ClCompile Include="src\app\features\auto_backstab\auto_backstab.cpp" />
    <ClCompile Include="src\app\features\strafe_pred\strafe_pred.cpp" />
    <ClCompile Include="src\app\features\aimbot\aimbot_snap\aimbot_snap.cpp" />
    <ClCompile Include="src\app\features\hitboxes\hitboxes.cpp" />
    <ClCompile Include="src\app\features\player_list\player_list.cpp" />
    <ClCompile Include="src\app\features\seed_pred\seed_pred.cpp" />
    <ClCompile Include="src\app\features\engine_pred\datamap_modifier.cpp" />
    <ClCompile Include="src\app\features\engine_pred\compression_handler.cpp" />
    <ClCompile Include="src\app\features\crits\crits.cpp" />
    <ClCompile Include="src\app\features\crits\crits_damage.cpp" />
    <ClCompile Include="src\app\features\anti_aim\anti_aim.cpp" />
    <ClCompile Include="src\app\features\auto_vacc\auto_vacc.cpp" />
    <ClCompile Include="src\shared\libs\imgui\imgui.cpp" />
    <ClCompile Include="src\shared\libs\imgui\imgui_demo.cpp" />
    <ClCompile Include="src\shared\libs\imgui\imgui_draw.cpp" />
    <ClCompile Include="src\shared\libs\imgui\imgui_impl_dx9.cpp" />
    <ClCompile Include="src\shared\libs\imgui\imgui_impl_win32.cpp" />
    <ClCompile Include="src\shared\libs\imgui\imgui_tables.cpp" />
    <ClCompile Include="src\shared\libs\imgui\imgui_widgets.cpp" />
    <ClCompile Include="src\app\features\ui\menu.cpp" />
    <ClCompile Include="src\shared\libs\imgui\imgui_freetype.cpp" />
    <ClCompile Include="src\app\features\ui\binds.cpp" />
    <ClCompile Include="src\app\features\ui\widgets.cpp" />
    <ClCompile Include="src\app\features\ui\ui.cpp" />
    <ClCompile Include="src\app\features\auto_queue\auto_queue.cpp" />
    <ClCompile Include="src\app\features\party_commands\party_commands.cpp" />
    <ClCompile Include="src\app\features\ui\minimap.cpp" />
    <ClCompile Include="src\app\features\entity_visuals\entity_visuals.cpp" />
    <ClCompile Include="src\app\features\entity_visuals\entity_visuals_effects.cpp" />
    <ClCompile Include="src\app\features\entity_visuals\entity_visuals_group.cpp" />
    <ClCompile Include="src\app\features\game_movement\game_movement.cpp" />
    <ClCompile Include="src\app\features\game_movement\tf_player_proxy.cpp" />
    <ClCompile Include="src\app\features\game_movement\move_pred.cpp" />
    <ClCompile Include="src\app\features\auto_reflect\auto_reflect.cpp" />
  </ItemGroup>
  <ItemGroup>
    <ClInclude Include="src\utils\inst_tracker.hpp" />
    <ClInclude Include="src\shared\utils\color.hpp" />
    <ClInclude Include="src\shared\utils\hash.hpp" />
    <ClInclude Include="src\shared\utils\insttracker.hpp" />
    <ClInclude Include="src\shared\utils\math.hpp" />
    <ClInclude Include="src\shared\utils\mem.hpp" />
    <ClInclude Include="src\shared\utils\memaddr.hpp" />
    <ClInclude Include="src\shared\utils\vec.hpp" />
    <ClInclude Include="src\shared\shared.hpp" />
    <ClInclude Include="src\sdk\tracked\cfgvar.hpp" />
    <ClInclude Include="src\sdk\tracked\hook.hpp" />
    <ClInclude Include="src\sdk\tracked\iface.hpp" />
    <ClInclude Include="src\sdk\tracked\sig.hpp" />
    <ClInclude Include="src\sdk\sdk.hpp" />
    <ClInclude Include="src\game\game.hpp" />
    <ClInclude Include="src\game\tf\shared.hpp" />
    <ClInclude Include="src\game\tf\interfaces.hpp" />
    <ClInclude Include="src\game\tf\netvars.hpp" />
    <ClInclude Include="src\sdk\tracked\events.hpp" />
    <ClInclude Include="src\shared\libs\json\include\json.hpp" />
    <ClInclude Include="src\shared\libs\minhook\include\minhook.hpp" />
    <ClInclude Include="src\shared\libs\minhook\src\hde\hde32.hpp" />
    <ClInclude Include="src\shared\libs\minhook\src\hde\hde64.hpp" />
    <ClInclude Include="src\shared\libs\minhook\src\hde\table32.hpp" />
    <ClInclude Include="src\shared\libs\minhook\src\hde\table64.hpp" />
    <ClInclude Include="src\shared\libs\minhook\src\buffer.hpp" />
    <ClInclude Include="src\shared\libs\minhook\src\trampoline.hpp" />
    <ClInclude Include="src\game\tf\entities.hpp" />
    <ClInclude Include="src\game\tf\sigs.hpp" />
    <ClInclude Include="src\game\helpers\class_ids.hpp" />
    <ClInclude Include="src\game\helpers\entity_cache.hpp" />
    <ClInclude Include="src\game\helpers\draw.hpp" />
    <ClInclude Include="src\game\helpers\fonts.hpp" />
    <ClInclude Include="src\shared\utils\funcs.hpp" />
    <ClInclude Include="src\game\helpers\input.hpp" />
    <ClInclude Include="src\app\features\icons\icons.hpp" />
    <ClInclude Include="src\app\features\mat_mod\mat_mod.hpp" />
    <ClInclude Include="src\app\features\misc\misc.hpp" />
    <ClInclude Include="src\app\features\vis_utils\vis_utils.hpp" />
    <ClInclude Include="src\app\features\cfg.hpp" />
    <ClInclude Include="src\game\helpers\tf_utils.hpp" />
    <ClInclude Include="src\app\features\trace_utils\trace_utils.hpp" />
    <ClInclude Include="src\app\features\proj_sim\proj_sim.hpp" />
    <ClInclude Include="src\app\features\engine_pred\engine_pred.hpp" />
    <ClInclude Include="src\app\features\spectator_list\spectator_list.hpp" />
    <ClInclude Include="src\app\features\aimbot\aimbot.hpp" />
    <ClInclude Include="src\app\features\aimbot\aimbot_projectile\aimbot_projectile.hpp" />
    <ClInclude Include="src\app\features\aimbot\aimbot_hitscan\aimbot_hitscan.hpp" />
    <ClInclude Include="src\app\features\aimbot\aimbot_melee\aimbot_melee.hpp" />
    <ClInclude Include="src\app\features\aim_utils\aim_utils.hpp" />
    <ClInclude Include="src\app\features\networking\networking.hpp" />
    <ClInclude Include="src\app\features\auto_detonate\auto_detonate.hpp" />
    <ClInclude Include="src\app\features\anims\anims.hpp" />
    <ClInclude Include="src\app\features\player_data\player_data.hpp" />
    <ClInclude Include="src\app\features\notifs\notifs.hpp" />
    <ClInclude Include="src\game\helpers\render_utils.hpp" />
    <ClInclude Include="src\app\features\tick_base\tick_base.hpp" />
    <ClInclude Include="src\game\helpers\cvars.hpp" />
    <ClInclude Include="src\app\features\auto_backstab\auto_backstab.hpp" />
    <ClInclude Include="src\shared\libs\owoify\owoify.hpp" />
    <ClInclude Include="src\app\features\strafe_pred\strafe_pred.hpp" />
    <ClInclude Include="src\app\features\aimbot\aimbot_snap\aimbot_snap.hpp" />
    <ClInclude Include="src\app\features\hitboxes\hitboxes.hpp" />
    <ClInclude Include="src\app\features\player_list\player_list.hpp" />
    <ClInclude Include="src\app\features\seed_pred\seed_pred.hpp" />
    <ClInclude Include="src\app\features\engine_pred\datamap_modifier.hpp" />
    <ClInclude Include="src\app\features\engine_pred\compression_handler.hpp" />
    <ClInclude Include="src\app\features\crits\crits.hpp" />
    <ClInclude Include="src\app\features\crits\crits_damage.hpp" />
    <ClInclude Include="src\app\features\anti_aim\anti_aim.hpp" />
    <ClInclude Include="src\app\features\auto_vacc\auto_vacc.hpp" />
    <ClInclude Include="src\shared\libs\imgui\imconfig.hpp" />
    <ClInclude Include="src\shared\libs\imgui\imgui.hpp" />
    <ClInclude Include="src\shared\libs\imgui\imgui_impl_dx9.hpp" />
    <ClInclude Include="src\shared\libs\imgui\imgui_impl_win32.hpp" />
    <ClInclude Include="src\shared\libs\imgui\imgui_internal.hpp" />
    <ClInclude Include="src\shared\libs\imgui\imstb_rectpack.hpp" />
    <ClInclude Include="src\shared\libs\imgui\imstb_textedit.hpp" />
    <ClInclude Include="src\shared\libs\imgui\imstb_truetype.hpp" />
    <ClInclude Include="src\app\features\ui\menu.hpp" />
    <ClInclude Include="src\shared\libs\imgui\imgui_freetype.hpp" />
    <ClInclude Include="src\shared\libs\freetype\include\freetype\config\ftconfig.hpp" />
    <ClInclude Include="src\shared\libs\freetype\include\freetype\config\ftheader.hpp" />
    <ClInclude Include="src\shared\libs\freetype\include\freetype\config\ftoption.hpp" />
    <ClInclude Include="src\shared\libs\freetype\include\freetype\config\ftstdlib.hpp" />
    <ClInclude Include="src\shared\libs\freetype\include\freetype\config\integer-types.hpp" />
    <ClInclude Include="src\shared\libs\freetype\include\freetype\config\mac-support.hpp" />
    <ClInclude Include="src\shared\libs\freetype\include\freetype\config\public-macros.hpp" />
    <ClInclude Include="src\shared\libs\freetype\include\freetype\freetype.hpp" />
    <ClInclude Include="src\shared\libs\freetype\include\freetype\ftadvanc.hpp" />
    <ClInclude Include="src\shared\libs\freetype\include\freetype\ftbbox.hpp" />
    <ClInclude Include="src\shared\libs\freetype\include\freetype\ftbdf.hpp" />
    <ClInclude Include="src\shared\libs\freetype\include\freetype\ftbitmap.hpp" />
    <ClInclude Include="src\shared\libs\freetype\include\freetype\ftbzip2.hpp" />
    <ClInclude Include="src\shared\libs\freetype\include\freetype\ftcache.hpp" />
    <ClInclude Include="src\shared\libs\freetype\include\freetype\ftchapters.hpp" />
    <ClInclude Include="src\shared\libs\freetype\include\freetype\ftcid.hpp" />
    <ClInclude Include="src\shared\libs\freetype\include\freetype\ftcolor.hpp" />
    <ClInclude Include="src\shared\libs\freetype\include\freetype\ftdriver.hpp" />
    <ClInclude Include="src\shared\libs\freetype\include\freetype\fterrdef.hpp" />
    <ClInclude Include="src\shared\libs\freetype\include\freetype\fterrors.hpp" />
    <ClInclude Include="src\shared\libs\freetype\include\freetype\ftfntfmt.hpp" />
    <ClInclude Include="src\shared\libs\freetype\include\freetype\ftgasp.hpp" />
    <ClInclude Include="src\shared\libs\freetype\include\freetype\ftglyph.hpp" />
    <ClInclude Include="src\shared\libs\freetype\include\freetype\ftgxval.hpp" />
    <ClInclude Include="src\shared\libs\freetype\include\freetype\ftgzip.hpp" />
    <ClInclude Include="src\shared\libs\freetype\include\freetype\ftimage.hpp" />
    <ClInclude Include="src\shared\libs\freetype\include\freetype\ftincrem.hpp" />
    <ClInclude Include="src\shared\libs\freetype\include\freetype\ftlcdfil.hpp" />
    <ClInclude Include="src\shared\libs\freetype\include\freetype\ftlist.hpp" />
    <ClInclude Include="src\shared\libs\freetype\include\freetype\ftlogging.hpp" />
    <ClInclude Include="src\shared\libs\freetype\include\freetype\ftlzw.hpp" />
    <ClInclude Include="src\shared\libs\freetype\include\freetype\ftmac.hpp" />
    <ClInclude Include="src\shared\libs\freetype\include\freetype\ftmm.hpp" />
    <ClInclude Include="src\shared\libs\freetype\include\freetype\ftmodapi.hpp" />
    <ClInclude Include="src\shared\libs\freetype\include\freetype\ftmoderr.hpp" />
    <ClInclude Include="src\shared\libs\freetype\include\freetype\ftotval.hpp" />
    <ClInclude Include="src\shared\libs\freetype\include\freetype\ftoutln.hpp" />
    <ClInclude Include="src\shared\libs\freetype\include\freetype\ftparams.hpp" />
    <ClInclude Include="src\shared\libs\freetype\include\freetype\ftpfr.hpp" />
    <ClInclude Include="src\shared\libs\freetype\include\freetype\ftrender.hpp" />
    <ClInclude Include="src\shared\libs\freetype\include\freetype\ftsizes.hpp" />
    <ClInclude Include="src\shared\libs\freetype\include\freetype\ftsnames.hpp" />
    <ClInclude Include="src\shared\libs\freetype\include\freetype\ftstroke.hpp" />
    <ClInclude Include="src\shared\libs\freetype\include\freetype\ftsynth.hpp" />
    <ClInclude Include="src\shared\libs\freetype\include\freetype\ftsystem.hpp" />
    <ClInclude Include="src\shared\libs\freetype\include\freetype\fttrigon.hpp" />
    <ClInclude Include="src\shared\libs\freetype\include\freetype\fttypes.hpp" />
    <ClInclude Include="src\shared\libs\freetype\include\freetype\ftwinfnt.hpp" />
    <ClInclude Include="src\shared\libs\freetype\include\freetype\otsvg.hpp" />
    <ClInclude Include="src\shared\libs\freetype\include\freetype\t1tables.hpp" />
    <ClInclude Include="src\shared\libs\freetype\include\freetype\ttnameid.hpp" />
    <ClInclude Include="src\shared\libs\freetype\include\freetype\tttables.hpp" />
    <ClInclude Include="src\shared\libs\freetype\include\freetype\tttags.hpp" />
    <ClInclude Include="src\shared\libs\freetype\include\ft2build.hpp" />
    <ClInclude Include="src\app\features\auto_queue\auto_queue.hpp" />
    <ClInclude Include="src\app\features\ui\binds.hpp" />
    <ClInclude Include="src\app\features\ui\ui.hpp" />
    <ClInclude Include="src\app\features\ui\widgets.hpp" />
    <ClInclude Include="src\shared\libs\daisy\include\daisy.hpp" />
    <ClInclude Include="src\app\features\party_commands\party_commands.hpp" />
    <ClInclude Include="src\app\features\ui\minimap.hpp" />
    <ClInclude Include="src\app\features\entity_visuals\entity_visuals.hpp" />
    <ClInclude Include="src\app\features\entity_visuals\entity_visuals_effects.hpp" />
    <ClInclude Include="src\app\features\entity_visuals\entity_visuals_group.hpp" />
    <ClInclude Include="src\app\features\game_movement\game_movement.hpp" />
    <ClInclude Include="src\app\features\game_movement\tf_player_proxy.hpp" />
    <ClInclude Include="src\app\features\game_movement\move_pred.hpp" />
    <ClInclude Include="src\app\features\auto_reflect\auto_reflect.hpp" />
  </ItemGroup>
  <ItemGroup>
    <Library Include="src\shared\libs\freetype\objs\freetype.lib" />
  </ItemGroup>
</Project>